
Microsoft Visual Studio Solution File, Format Version 12.00
# Visual Studio 15
VisualStudioVersion = 15.0.28307.572
MinimumVisualStudioVersion = 10.0.40219.1
Project("{8BC9CEB8-8B4A-11D0-8D11-00A0C91BC942}") = "stereo", "stereo\stereo.vcxproj", "{DEF94685-3048-44AD-90FF-91E7DB0330C4}"
EndProject
Global
	GlobalSection(SolutionConfigurationPlatforms) = preSolution
		Debug|x64 = Debug|x64
		Debug|x86 = Debug|x86
		Release|x64 = Release|x64
		Release|x86 = Release|x86
	EndGlobalSection
	GlobalSection(ProjectConfigurationPlatforms) = postSolution
		{DEF94685-3048-44AD-90FF-91E7DB0330C4}.Debug|x64.ActiveCfg = Debug|x64
		{DEF94685-3048-44AD-90FF-91E7DB0330C4}.Debug|x64.Build.0 = Debug|x64
		{DEF94685-3048-44AD-90FF-91E7DB0330C4}.Debug|x86.ActiveCfg = Debug|Win32
		{DEF94685-3048-44AD-90FF-91E7DB0330C4}.Debug|x86.Build.0 = Debug|Win32
		{DEF94685-3048-44AD-90FF-91E7DB0330C4}.Release|x64.ActiveCfg = Release|x64
		{DEF94685-3048-44AD-90FF-91E7DB0330C4}.Release|x64.Build.0 = Release|x64
		{DEF94685-3048-44AD-90FF-91E7DB0330C4}.Release|x86.ActiveCfg = Release|Win32
		{DEF94685-3048-44AD-90FF-91E7DB0330C4}.Release|x86.Build.0 = Release|Win32
	EndGlobalSection
	GlobalSection(SolutionProperties) = preSolution
		HideSolutionNode = FALSE
	EndGlobalSection
	GlobalSection(ExtensibilityGlobals) = postSolution
		SolutionGuid = {0BBC7098-4FCC-494C-98E3-0F2D6BC80A05}
	EndGlobalSection
EndGlobal
